
Microsoft Visual Studio Solution File, Format Version 12.00
# Visual Studio 15
VisualStudioVersion = 15.0.28307.902
MinimumVisualStudioVersion = 10.0.40219.1
Project("{FAE04EC0-301F-11D3-BF4B-00C04F79EFBC}") = "mcvpruebablanquito", "mcvpruebablanquito\mcvpruebablanquito.csproj", "{A37137CC-0BC3-4FD8-9C3C-D95410C22EEB}"
EndProject
Global
	GlobalSection(SolutionConfigurationPlatforms) = preSolution
		Debug|Any CPU = Debug|Any CPU
		Release|Any CPU = Release|Any CPU
	EndGlobalSection
	GlobalSection(ProjectConfigurationPlatforms) = postSolution
		{A37137CC-0BC3-4FD8-9C3C-D95410C22EEB}.Debug|Any CPU.ActiveCfg = Debug|Any CPU
		{A37137CC-0BC3-4FD8-9C3C-D95410C22EEB}.Debug|Any CPU.Build.0 = Debug|Any CPU
		{A37137CC-0BC3-4FD8-9C3C-D95410C22EEB}.Release|Any CPU.ActiveCfg = Release|Any CPU
		{A37137CC-0BC3-4FD8-9C3C-D95410C22EEB}.Release|Any CPU.Build.0 = Release|Any CPU
	EndGlobalSection
	GlobalSection(SolutionProperties) = preSolution
		HideSolutionNode = FALSE
	EndGlobalSection
	GlobalSection(ExtensibilityGlobals) = postSolution
		SolutionGuid = {91686309-97A7-47FE-9565-C41CDAE42102}
	EndGlobalSection
EndGlobal
